lockfileVersion: 5.4

importers:

  .:
    specifiers: {}

  ../../apps/myapp:
    specifiers:
      '@babel/runtime': ^7.18.0
      '@lessonup/package-a': workspace:*
      '@snowplow/browser-tracker': ^3.4.0
      '@types/meteor': ^1.4.81
      '@types/mocha': ^8.2.3
      '@types/react-dom': ^17.0.18
      react: 17.0.2
      react-dom: 17.0.2
      typescript: 4.6.4
    dependencies:
      '@babel/runtime': 7.20.6
      '@lessonup/package-a': link:../../packages/package-a
      '@snowplow/browser-tracker': 3.7.0
      react: 17.0.2
      react-dom: 17.0.2_react@17.0.2
    devDependencies:
      '@types/meteor': 1.4.87
      '@types/mocha': 8.2.3
      '@types/react-dom': 17.0.18
      typescript: 4.6.4

  ../../packages/package-a:
    specifiers:
      '@lessonup/package-b': workspace:*
      '@types/react': 17.0.2
      typescript: 4.6.4
    dependencies:
      '@lessonup/package-b': link:../package-b
    devDependencies:
      '@types/react': 17.0.2
      typescript: 4.6.4

  ../../packages/package-b:
    specifiers:
      '@types/react': 17.0.2
      typescript: 4.6.4
    devDependencies:
      '@types/react': 17.0.2
      typescript: 4.6.4

packages:

  /@babel/runtime/7.20.6:
    resolution: {integrity: sha512-Q+8MqP7TiHMWzSfwiJwXCjyf4GYA4Dgw3emg/7xmwsdLJOZUp+nMqcOwOzzYheuM1rhDu8FSj2l0aoMygEuXuA==}
    engines: {node: '>=6.9.0'}
    dependencies:
      regenerator-runtime: 0.13.11
    dev: false

  /@snowplow/browser-tracker-core/3.7.0:
    resolution: {integrity: sha512-mP1Uc9CjriW/BIMHxdzvNmalLKxuFnNhqwkeOgIHGmC11pJP7dKDumsTj4x8nBohr+5Ie14hLXNZhb51JoskVQ==}
    dependencies:
      '@snowplow/tracker-core': 3.7.0
      sha1: 1.1.1
      tslib: 2.4.1
      uuid: 3.4.0
    dev: false

  /@snowplow/browser-tracker/3.7.0:
    resolution: {integrity: sha512-vTD7G67iZ8nsQaATJ8Z62o7aKtR143VwJsL+CIWgsJaqd1nUFRKihuX8BnzVIyzPND0qAuQUxEi4jn2J7W6Elw==}
    dependencies:
      '@snowplow/browser-tracker-core': 3.7.0
      '@snowplow/tracker-core': 3.7.0
      tslib: 2.4.1
    dev: false

  /@snowplow/tracker-core/3.7.0:
    resolution: {integrity: sha512-Amt4w0E7XvM8LbCRRHfcudc5hFBNOCF8UmWQvEYFqedPcD08jxqulMMsTghTpjmmpL7rlNRlG17flKis9Qxqbg==}
    dependencies:
      tslib: 2.4.1
      uuid: 3.4.0
    dev: false

  /@types/bson/4.2.0:
    resolution: {integrity: sha512-ELCPqAdroMdcuxqwMgUpifQyRoTpyYCNr1V9xKyF40VsBobsj+BbWNRvwGchMgBPGqkw655ypkjj2MEF5ywVwg==}
    deprecated: This is a stub types definition. bson provides its own type definitions, so you do not need this installed.
    dependencies:
      bson: 4.7.0
    dev: true

  /@types/connect/3.4.35:
    resolution: {integrity: sha512-cdeYyv4KWoEgpBISTxWvqYsVy444DOqehiF3fM3ne10AmJ62RSyNkUnxMJXHQWRQQX2eR94m5y1IZyDwBjV9FQ==}
    dependencies:
      '@types/node': 18.11.15
    dev: true

  /@types/jquery/3.5.14:
    resolution: {integrity: sha512-X1gtMRMbziVQkErhTQmSe2jFwwENA/Zr+PprCkF63vFq+Yt5PZ4AlKqgmeNlwgn7dhsXEK888eIW2520EpC+xg==}
    dependencies:
      '@types/sizzle': 2.3.3
    dev: true

  /@types/meteor/1.4.87:
    resolution: {integrity: sha512-UU2rJvq3jkCYc//OXL482OLfwYOf8WQTiTRfYiCHJnzvhUHsg0Cx6iSzzThPuFGupp6FgmSeenJBwmt854hh7w==}
    dependencies:
      '@types/connect': 3.4.35
      '@types/jquery': 3.5.14
      '@types/mongodb': 3.6.20
      '@types/react': 17.0.2
      '@types/underscore': 1.11.4
    dev: true

  /@types/mocha/8.2.3:
    resolution: {integrity: sha512-ekGvFhFgrc2zYQoX4JeZPmVzZxw6Dtllga7iGHzfbYIYkAMUx/sAFP2GdFpLff+vdHXu5fl7WX9AT+TtqYcsyw==}
    dev: true

  /@types/mongodb/3.6.20:
    resolution: {integrity: sha512-WcdpPJCakFzcWWD9juKoZbRtQxKIMYF/JIAM4JrNHrMcnJL6/a2NWjXxW7fo9hxboxxkg+icff8d7+WIEvKgYQ==}
    dependencies:
      '@types/bson': 4.2.0
      '@types/node': 18.11.15
    dev: true

  /@types/node/18.11.15:
    resolution: {integrity: sha512-VkhBbVo2+2oozlkdHXLrb3zjsRkpdnaU2bXmX8Wgle3PUi569eLRaHGlgETQHR7lLL1w7GiG3h9SnePhxNDecw==}
    dev: true

  /@types/prop-types/15.7.5:
    resolution: {integrity: sha512-JCB8C6SnDoQf0cNycqd/35A7MjcnK+ZTqE7judS6o7utxUCg6imJg3QK2qzHKszlTjcj2cn+NwMB2i96ubpj7w==}
    dev: true

  /@types/react-dom/17.0.18:
    resolution: {integrity: sha512-rLVtIfbwyur2iFKykP2w0pl/1unw26b5td16d5xMgp7/yjTHomkyxPYChFoCr/FtEX1lN9wY6lFj1qvKdS5kDw==}
    dependencies:
      '@types/react': 17.0.2
    dev: true

  /@types/react/17.0.2:
    resolution: {integrity: sha512-Xt40xQsrkdvjn1EyWe1Bc0dJLcil/9x2vAuW7ya+PuQip4UYUaXyhzWmAbwRsdMgwOFHpfp7/FFZebDU6Y8VHA==}
    dependencies:
      '@types/prop-types': 15.7.5
      csstype: 3.1.1
    dev: true

  /@types/sizzle/2.3.3:
    resolution: {integrity: sha512-JYM8x9EGF163bEyhdJBpR2QX1R5naCJHC8ucJylJ3w9/CVBaskdQ8WqBf8MmQrd1kRvp/a4TS8HJ+bxzR7ZJYQ==}
    dev: true

  /@types/underscore/1.11.4:
    resolution: {integrity: sha512-uO4CD2ELOjw8tasUrAhvnn2W4A0ZECOvMjCivJr4gA9pGgjv+qxKWY9GLTMVEK8ej85BxQOocUyE7hImmSQYcg==}
    dev: true

  /base64-js/1.5.1:
    resolution: {integrity: sha512-AKpaYlHn8t4SVbOHCy+b5+KKgvR4vrsD8vbvrbiQJps7fKDTkjkDry6ji0rUJjC0kzbNePLwzxq8iypo41qeWA==}
    dev: true

  /bson/4.7.0:
    resolution: {integrity: sha512-VrlEE4vuiO1WTpfof4VmaVolCVYkYTgB9iWgYNOrVlnifpME/06fhFRmONgBhClD5pFC1t9ZWqFUQEQAzY43bA==}
    engines: {node: '>=6.9.0'}
    dependencies:
      buffer: 5.7.1
    dev: true

  /buffer/5.7.1:
    resolution: {integrity: sha512-EHcyIPBQ4BSGlvjB16k5KgAJ27CIsHY/2JBmCRReo48y9rQ3MaUzWX3KVlBa4U7MyX02HdVj0K7C3WaB3ju7FQ==}
    dependencies:
      base64-js: 1.5.1
      ieee754: 1.2.1
    dev: true

  /charenc/0.0.2:
    resolution: {integrity: sha512-yrLQ/yVUFXkzg7EDQsPieE/53+0RlaWTs+wBrvW36cyilJ2SaDWfl4Yj7MtLTXleV9uEKefbAGUPv2/iWSooRA==}
    dev: false

  /crypt/0.0.2:
    resolution: {integrity: sha512-mCxBlsHFYh9C+HVpiEacem8FEBnMXgU9gy4zmNC+SXAZNB/1idgp/aulFJ4FgCi7GPEVbfyng092GqL2k2rmow==}
    dev: false

  /csstype/3.1.1:
    resolution: {integrity: sha512-DJR/VvkAvSZW9bTouZue2sSxDwdTN92uHjqeKVm+0dAqdfNykRzQ95tay8aXMBAAPpUiq4Qcug2L7neoRh2Egw==}
    dev: true

  /ieee754/1.2.1:
    resolution: {integrity: sha512-dcyqhDvX1C46lXZcVqCpK+FtMRQVdIMN6/Df5js2zouUsqG7I6sFxitIC+7KYK29KdXOLHdu9zL4sFnoVQnqaA==}
    dev: true

  /js-tokens/4.0.0:
    resolution: {integrity: sha512-RdJUflcE3cUzKiMqQgsCu06FPu9UdIJO0beYbPhHN4k6apgJtifcoCtT9bcxOpYBtpD2kCM6Sbzg4CausW/PKQ==}
    dev: false

  /loose-envify/1.4.0:
    resolution: {integrity: sha512-lyuxPGr/Wfhrlem2CL/UcnUc1zcqKAImBDzukY7Y5F/yQiNdko6+fRLevlw1HgMySw7f611UIY408EtxRSoK3Q==}
    hasBin: true
    dependencies:
      js-tokens: 4.0.0
    dev: false

  /object-assign/4.1.1:
    resolution: {integrity: sha512-rJgTQnkUnH1sFw8yT6VSU3zD3sWmu6sZhIseY8VX+GRu3P6F7Fu+JNDoXfklElbLJSnc3FUQHVe4cU5hj+BcUg==}
    engines: {node: '>=0.10.0'}
    dev: false

  /react-dom/17.0.2_react@17.0.2:
    resolution: {integrity: sha512-s4h96KtLDUQlsENhMn1ar8t2bEa+q/YAtj8pPPdIjPDGBDIVNsrD9aXNWqspUe6AzKCIG0C1HZZLqLV7qpOBGA==}
    peerDependencies:
      react: 17.0.2
    dependencies:
      loose-envify: 1.4.0
      object-assign: 4.1.1
      react: 17.0.2
      scheduler: 0.20.2
    dev: false

  /react/17.0.2:
    resolution: {integrity: sha512-gnhPt75i/dq/z3/6q/0asP78D0u592D5L1pd7M8P+dck6Fu/jJeL6iVVK23fptSUZj8Vjf++7wXA8UNclGQcbA==}
    engines: {node: '>=0.10.0'}
    dependencies:
      loose-envify: 1.4.0
      object-assign: 4.1.1
    dev: false

  /regenerator-runtime/0.13.11:
    resolution: {integrity: sha512-kY1AZVr2Ra+t+piVaJ4gxaFaReZVH40AKNo7UCX6W+dEwBo/2oZJzqfuN1qLq1oL45o56cPaTXELwrTh8Fpggg==}
    dev: false

  /scheduler/0.20.2:
    resolution: {integrity: sha512-2eWfGgAqqWFGqtdMmcL5zCMK1U8KlXv8SQFGglL3CEtd0aDVDWgeF/YoCmvln55m5zSk3J/20hTaSBeSObsQDQ==}
    dependencies:
      loose-envify: 1.4.0
      object-assign: 4.1.1
    dev: false

  /sha1/1.1.1:
    resolution: {integrity: sha512-dZBS6OrMjtgVkopB1Gmo4RQCDKiZsqcpAQpkV/aaj+FCrCg8r4I4qMkDPQjBgLIxlmu9k4nUbWq6ohXahOneYA==}
    dependencies:
      charenc: 0.0.2
      crypt: 0.0.2
    dev: false

  /tslib/2.4.1:
    resolution: {integrity: sha512-tGyy4dAjRIEwI7BzsB0lynWgOpfqjUdq91XXAlIWD2OwKBH7oCl/GZG/HT4BOHrTlPMOASlMQ7veyTqpmRcrNA==}
    dev: false

  /typescript/4.6.4:
    resolution: {integrity: sha512-9ia/jWHIEbo49HfjrLGfKbZSuWo9iTMwXO+Ca3pRsSpbsMbc7/IU8NKdCZVRRBafVPGnoJeFL76ZOAA84I9fEg==}
    engines: {node: '>=4.2.0'}
    hasBin: true
    dev: true

  /uuid/3.4.0:
    resolution: {integrity: sha512-HjSDRw6gZE5JMggctHBcjVak08+KEVhSIiDzFnT9S9aegmp85S/bReBVTb4QTFaRNptJ9kuYaNhnbNEOkbKb/A==}
    deprecated: Please upgrade  to version 7 or higher.  Older versions may use Math.random() in certain circumstances, which is known to be problematic.  See https://v8.dev/blog/math-random for details.
    hasBin: true
    dev: false
